
Microsoft Visual Studio Solution File, Format Version 12.00
# Visual Studio Version 16
VisualStudioVersion = 16.0.31321.278
MinimumVisualStudioVersion = 10.0.40219.1
Project("{F184B08F-C81C-45F6-A57F-5ABD9991F28F}") = "WebApplication", "WebApplication\WebApplication.vbproj", "{ED0BFC63-891A-4CE1-A5F6-BD5284ABF944}"
EndProject
Global
	GlobalSection(SolutionConfigurationPlatforms) = preSolution
		Debug|Any CPU = Debug|Any CPU
		Release|Any CPU = Release|Any CPU
	EndGlobalSection
	GlobalSection(ProjectConfigurationPlatforms) = postSolution
		{ED0BFC63-891A-4CE1-A5F6-BD5284ABF944}.Debug|Any CPU.ActiveCfg = Debug|Any CPU
		{ED0BFC63-891A-4CE1-A5F6-BD5284ABF944}.Debug|Any CPU.Build.0 = Debug|Any CPU
		{ED0BFC63-891A-4CE1-A5F6-BD5284ABF944}.Release|Any CPU.ActiveCfg = Release|Any CPU
		{ED0BFC63-891A-4CE1-A5F6-BD5284ABF944}.Release|Any CPU.Build.0 = Release|Any CPU
	EndGlobalSection
	GlobalSection(SolutionProperties) = preSolution
		HideSolutionNode = FALSE
	EndGlobalSection
	GlobalSection(ExtensibilityGlobals) = postSolution
		SolutionGuid = {2FC8C76C-0843-48A7-85BA-76FADFE49C98}
	EndGlobalSection
EndGlobal
