
Microsoft Visual Studio Solution File, Format Version 12.00
# Visual Studio Version 16
VisualStudioVersion = 16.0.31321.278
MinimumVisualStudioVersion = 10.0.40219.1
Project("{F184B08F-C81C-45F6-A57F-5ABD9991F28F}") = "WebApplication1", "WebApplication1\WebApplication1.vbproj", "{6302984D-37E2-49BD-89C1-BEA0C7C8BEC7}"
EndProject
Project("{F184B08F-C81C-45F6-A57F-5ABD9991F28F}") = "WebApplication1.Tests", "WebApplication1.Tests\WebApplication1.Tests.vbproj", "{A4377197-18B8-45F7-90F3-17B8529546FD}"
EndProject
Global
	GlobalSection(SolutionConfigurationPlatforms) = preSolution
		Debug|Any CPU = Debug|Any CPU
		Release|Any CPU = Release|Any CPU
	EndGlobalSection
	GlobalSection(ProjectConfigurationPlatforms) = postSolution
		{6302984D-37E2-49BD-89C1-BEA0C7C8BEC7}.Debug|Any CPU.ActiveCfg = Debug|Any CPU
		{6302984D-37E2-49BD-89C1-BEA0C7C8BEC7}.Debug|Any CPU.Build.0 = Debug|Any CPU
		{6302984D-37E2-49BD-89C1-BEA0C7C8BEC7}.Release|Any CPU.ActiveCfg = Release|Any CPU
		{6302984D-37E2-49BD-89C1-BEA0C7C8BEC7}.Release|Any CPU.Build.0 = Release|Any CPU
		{A4377197-18B8-45F7-90F3-17B8529546FD}.Debug|Any CPU.ActiveCfg = Debug|Any CPU
		{A4377197-18B8-45F7-90F3-17B8529546FD}.Debug|Any CPU.Build.0 = Debug|Any CPU
		{A4377197-18B8-45F7-90F3-17B8529546FD}.Release|Any CPU.ActiveCfg = Release|Any CPU
		{A4377197-18B8-45F7-90F3-17B8529546FD}.Release|Any CPU.Build.0 = Release|Any CPU
	EndGlobalSection
	GlobalSection(SolutionProperties) = preSolution
		HideSolutionNode = FALSE
	EndGlobalSection
	GlobalSection(ExtensibilityGlobals) = postSolution
		SolutionGuid = {B841A541-467C-452D-B95C-868BEEA7676F}
	EndGlobalSection
EndGlobal
