
Microsoft Visual Studio Solution File, Format Version 12.00
# Visual Studio Version 16
VisualStudioVersion = 16.0.31321.278
MinimumVisualStudioVersion = 10.0.40219.1
Project("{FAE04EC0-301F-11D3-BF4B-00C04F79EFBC}") = "WebApplication2", "WebApplication2\WebApplication2.csproj", "{FBF3A0CD-9C8E-49CC-A3D6-11E8BDBF8F73}"
EndProject
Project("{FAE04EC0-301F-11D3-BF4B-00C04F79EFBC}") = "WebApplication2.Tests", "WebApplication2.Tests\WebApplication2.Tests.csproj", "{47AAA086-38A2-4B42-A2A4-7C9E89370581}"
EndProject
Global
	GlobalSection(SolutionConfigurationPlatforms) = preSolution
		Debug|Any CPU = Debug|Any CPU
		Release|Any CPU = Release|Any CPU
	EndGlobalSection
	GlobalSection(ProjectConfigurationPlatforms) = postSolution
		{FBF3A0CD-9C8E-49CC-A3D6-11E8BDBF8F73}.Debug|Any CPU.ActiveCfg = Debug|Any CPU
		{FBF3A0CD-9C8E-49CC-A3D6-11E8BDBF8F73}.Debug|Any CPU.Build.0 = Debug|Any CPU
		{FBF3A0CD-9C8E-49CC-A3D6-11E8BDBF8F73}.Release|Any CPU.ActiveCfg = Release|Any CPU
		{FBF3A0CD-9C8E-49CC-A3D6-11E8BDBF8F73}.Release|Any CPU.Build.0 = Release|Any CPU
		{47AAA086-38A2-4B42-A2A4-7C9E89370581}.Debug|Any CPU.ActiveCfg = Debug|Any CPU
		{47AAA086-38A2-4B42-A2A4-7C9E89370581}.Debug|Any CPU.Build.0 = Debug|Any CPU
		{47AAA086-38A2-4B42-A2A4-7C9E89370581}.Release|Any CPU.ActiveCfg = Release|Any CPU
		{47AAA086-38A2-4B42-A2A4-7C9E89370581}.Release|Any CPU.Build.0 = Release|Any CPU
	EndGlobalSection
	GlobalSection(SolutionProperties) = preSolution
		HideSolutionNode = FALSE
	EndGlobalSection
	GlobalSection(ExtensibilityGlobals) = postSolution
		SolutionGuid = {A3928459-4549-4FA8-A1A0-2BEAAD9E2DB1}
	EndGlobalSection
EndGlobal
